
Microsoft Visual Studio Solution File, Format Version 12.00
# Visual Studio Version 16
VisualStudioVersion = 16.0.30114.105
MinimumVisualStudioVersion = 10.0.40219.1
Project("{FAE04EC0-301F-11D3-BF4B-00C04F79EFBC}") = "API", "API\API.csproj", "{DDCAF1B5-1FF1-4EDB-94B2-1423680DD6D3}"
EndProject
Project("{FAE04EC0-301F-11D3-BF4B-00C04F79EFBC}") = "Application", "Application\Application.csproj", "{AA03AAF0-2EC2-4129-948C-5151BF9063A6}"
EndProject
Project("{FAE04EC0-301F-11D3-BF4B-00C04F79EFBC}") = "Domain", "Domain\Domain.csproj", "{7BCC0C4F-A1EE-4589-9BD8-AA47E82B0EB7}"
EndProject
Project("{FAE04EC0-301F-11D3-BF4B-00C04F79EFBC}") = "Infrastracture", "Infrastracture\Infrastracture.csproj", "{0DABA7A0-8E47-4A23-9CBB-36D9D5B8F6D0}"
EndProject
Project("{FAE04EC0-301F-11D3-BF4B-00C04F79EFBC}") = "Persistence", "Persistence\Persistence.csproj", "{68A93655-A3CE-47DA-BEE7-09C9E465E99B}"
EndProject
Global
	GlobalSection(SolutionConfigurationPlatforms) = preSolution
		Debug|Any CPU = Debug|Any CPU
		Debug|x64 = Debug|x64
		Debug|x86 = Debug|x86
		Release|Any CPU = Release|Any CPU
		Release|x64 = Release|x64
		Release|x86 = Release|x86
	EndGlobalSection
	GlobalSection(SolutionProperties) = preSolution
		HideSolutionNode = FALSE
	EndGlobalSection
	GlobalSection(ProjectConfigurationPlatforms) = postSolution
		{DDCAF1B5-1FF1-4EDB-94B2-1423680DD6D3}.Debug|Any CPU.ActiveCfg = Debug|Any CPU
		{DDCAF1B5-1FF1-4EDB-94B2-1423680DD6D3}.Debug|Any CPU.Build.0 = Debug|Any CPU
		{DDCAF1B5-1FF1-4EDB-94B2-1423680DD6D3}.Debug|x64.ActiveCfg = Debug|Any CPU
		{DDCAF1B5-1FF1-4EDB-94B2-1423680DD6D3}.Debug|x64.Build.0 = Debug|Any CPU
		{DDCAF1B5-1FF1-4EDB-94B2-1423680DD6D3}.Debug|x86.ActiveCfg = Debug|Any CPU
		{DDCAF1B5-1FF1-4EDB-94B2-1423680DD6D3}.Debug|x86.Build.0 = Debug|Any CPU
		{DDCAF1B5-1FF1-4EDB-94B2-1423680DD6D3}.Release|Any CPU.ActiveCfg = Release|Any CPU
		{DDCAF1B5-1FF1-4EDB-94B2-1423680DD6D3}.Release|Any CPU.Build.0 = Release|Any CPU
		{DDCAF1B5-1FF1-4EDB-94B2-1423680DD6D3}.Release|x64.ActiveCfg = Release|Any CPU
		{DDCAF1B5-1FF1-4EDB-94B2-1423680DD6D3}.Release|x64.Build.0 = Release|Any CPU
		{DDCAF1B5-1FF1-4EDB-94B2-1423680DD6D3}.Release|x86.ActiveCfg = Release|Any CPU
		{DDCAF1B5-1FF1-4EDB-94B2-1423680DD6D3}.Release|x86.Build.0 = Release|Any CPU
		{AA03AAF0-2EC2-4129-948C-5151BF9063A6}.Debug|Any CPU.ActiveCfg = Debug|Any CPU
		{AA03AAF0-2EC2-4129-948C-5151BF9063A6}.Debug|Any CPU.Build.0 = Debug|Any CPU
		{AA03AAF0-2EC2-4129-948C-5151BF9063A6}.Debug|x64.ActiveCfg = Debug|Any CPU
		{AA03AAF0-2EC2-4129-948C-5151BF9063A6}.Debug|x64.Build.0 = Debug|Any CPU
		{AA03AAF0-2EC2-4129-948C-5151BF9063A6}.Debug|x86.ActiveCfg = Debug|Any CPU
		{AA03AAF0-2EC2-4129-948C-5151BF9063A6}.Debug|x86.Build.0 = Debug|Any CPU
		{AA03AAF0-2EC2-4129-948C-5151BF9063A6}.Release|Any CPU.ActiveCfg = Release|Any CPU
		{AA03AAF0-2EC2-4129-948C-5151BF9063A6}.Release|Any CPU.Build.0 = Release|Any CPU
		{AA03AAF0-2EC2-4129-948C-5151BF9063A6}.Release|x64.ActiveCfg = Release|Any CPU
		{AA03AAF0-2EC2-4129-948C-5151BF9063A6}.Release|x64.Build.0 = Release|Any CPU
		{AA03AAF0-2EC2-4129-948C-5151BF9063A6}.Release|x86.ActiveCfg = Release|Any CPU
		{AA03AAF0-2EC2-4129-948C-5151BF9063A6}.Release|x86.Build.0 = Release|Any CPU
		{7BCC0C4F-A1EE-4589-9BD8-AA47E82B0EB7}.Debug|Any CPU.ActiveCfg = Debug|Any CPU
		{7BCC0C4F-A1EE-4589-9BD8-AA47E82B0EB7}.Debug|Any CPU.Build.0 = Debug|Any CPU
		{7BCC0C4F-A1EE-4589-9BD8-AA47E82B0EB7}.Debug|x64.ActiveCfg = Debug|Any CPU
		{7BCC0C4F-A1EE-4589-9BD8-AA47E82B0EB7}.Debug|x64.Build.0 = Debug|Any CPU
		{7BCC0C4F-A1EE-4589-9BD8-AA47E82B0EB7}.Debug|x86.ActiveCfg = Debug|Any CPU
		{7BCC0C4F-A1EE-4589-9BD8-AA47E82B0EB7}.Debug|x86.Build.0 = Debug|Any CPU
		{7BCC0C4F-A1EE-4589-9BD8-AA47E82B0EB7}.Release|Any CPU.ActiveCfg = Release|Any CPU
		{7BCC0C4F-A1EE-4589-9BD8-AA47E82B0EB7}.Release|Any CPU.Build.0 = Release|Any CPU
		{7BCC0C4F-A1EE-4589-9BD8-AA47E82B0EB7}.Release|x64.ActiveCfg = Release|Any CPU
		{7BCC0C4F-A1EE-4589-9BD8-AA47E82B0EB7}.Release|x64.Build.0 = Release|Any CPU
		{7BCC0C4F-A1EE-4589-9BD8-AA47E82B0EB7}.Release|x86.ActiveCfg = Release|Any CPU
		{7BCC0C4F-A1EE-4589-9BD8-AA47E82B0EB7}.Release|x86.Build.0 = Release|Any CPU
		{0DABA7A0-8E47-4A23-9CBB-36D9D5B8F6D0}.Debug|Any CPU.ActiveCfg = Debug|Any CPU
		{0DABA7A0-8E47-4A23-9CBB-36D9D5B8F6D0}.Debug|Any CPU.Build.0 = Debug|Any CPU
		{0DABA7A0-8E47-4A23-9CBB-36D9D5B8F6D0}.Debug|x64.ActiveCfg = Debug|Any CPU
		{0DABA7A0-8E47-4A23-9CBB-36D9D5B8F6D0}.Debug|x64.Build.0 = Debug|Any CPU
		{0DABA7A0-8E47-4A23-9CBB-36D9D5B8F6D0}.Debug|x86.ActiveCfg = Debug|Any CPU
		{0DABA7A0-8E47-4A23-9CBB-36D9D5B8F6D0}.Debug|x86.Build.0 = Debug|Any CPU
		{0DABA7A0-8E47-4A23-9CBB-36D9D5B8F6D0}.Release|Any CPU.ActiveCfg = Release|Any CPU
		{0DABA7A0-8E47-4A23-9CBB-36D9D5B8F6D0}.Release|Any CPU.Build.0 = Release|Any CPU
		{0DABA7A0-8E47-4A23-9CBB-36D9D5B8F6D0}.Release|x64.ActiveCfg = Release|Any CPU
		{0DABA7A0-8E47-4A23-9CBB-36D9D5B8F6D0}.Release|x64.Build.0 = Release|Any CPU
		{0DABA7A0-8E47-4A23-9CBB-36D9D5B8F6D0}.Release|x86.ActiveCfg = Release|Any CPU
		{0DABA7A0-8E47-4A23-9CBB-36D9D5B8F6D0}.Release|x86.Build.0 = Release|Any CPU
		{68A93655-A3CE-47DA-BEE7-09C9E465E99B}.Debug|Any CPU.ActiveCfg = Debug|Any CPU
		{68A93655-A3CE-47DA-BEE7-09C9E465E99B}.Debug|Any CPU.Build.0 = Debug|Any CPU
		{68A93655-A3CE-47DA-BEE7-09C9E465E99B}.Debug|x64.ActiveCfg = Debug|Any CPU
		{68A93655-A3CE-47DA-BEE7-09C9E465E99B}.Debug|x64.Build.0 = Debug|Any CPU
		{68A93655-A3CE-47DA-BEE7-09C9E465E99B}.Debug|x86.ActiveCfg = Debug|Any CPU
		{68A93655-A3CE-47DA-BEE7-09C9E465E99B}.Debug|x86.Build.0 = Debug|Any CPU
		{68A93655-A3CE-47DA-BEE7-09C9E465E99B}.Release|Any CPU.ActiveCfg = Release|Any CPU
		{68A93655-A3CE-47DA-BEE7-09C9E465E99B}.Release|Any CPU.Build.0 = Release|Any CPU
		{68A93655-A3CE-47DA-BEE7-09C9E465E99B}.Release|x64.ActiveCfg = Release|Any CPU
		{68A93655-A3CE-47DA-BEE7-09C9E465E99B}.Release|x64.Build.0 = Release|Any CPU
		{68A93655-A3CE-47DA-BEE7-09C9E465E99B}.Release|x86.ActiveCfg = Release|Any CPU
		{68A93655-A3CE-47DA-BEE7-09C9E465E99B}.Release|x86.Build.0 = Release|Any CPU
	EndGlobalSection
EndGlobal
